
Microsoft Visual Studio Solution File, Format Version 12.00
# Visual Studio 15
VisualStudioVersion = 15.0.28010.2036
MinimumVisualStudioVersion = 10.0.40219.1
Project("{8BC9CEB8-8B4A-11D0-8D11-00A0C91BC942}") = "lab2", "lab2\lab2.vcxproj", "{B188367D-DDA2-4530-9C31-CE80527E88ED}"
EndProject
Global
	GlobalSection(SolutionConfigurationPlatforms) = preSolution
		Debug|x64 = Debug|x64
		Debug|x86 = Debug|x86
		Release|x64 = Release|x64
		Release|x86 = Release|x86
	EndGlobalSection
	GlobalSection(ProjectConfigurationPlatforms) = postSolution
		{B188367D-DDA2-4530-9C31-CE80527E88ED}.Debug|x64.ActiveCfg = Debug|x64
		{B188367D-DDA2-4530-9C31-CE80527E88ED}.Debug|x64.Build.0 = Debug|x64
		{B188367D-DDA2-4530-9C31-CE80527E88ED}.Debug|x86.ActiveCfg = Debug|Win32
		{B188367D-DDA2-4530-9C31-CE80527E88ED}.Debug|x86.Build.0 = Debug|Win32
		{B188367D-DDA2-4530-9C31-CE80527E88ED}.Release|x64.ActiveCfg = Release|x64
		{B188367D-DDA2-4530-9C31-CE80527E88ED}.Release|x64.Build.0 = Release|x64
		{B188367D-DDA2-4530-9C31-CE80527E88ED}.Release|x86.ActiveCfg = Release|Win32
		{B188367D-DDA2-4530-9C31-CE80527E88ED}.Release|x86.Build.0 = Release|Win32
	EndGlobalSection
	GlobalSection(SolutionProperties) = preSolution
		HideSolutionNode = FALSE
	EndGlobalSection
	GlobalSection(ExtensibilityGlobals) = postSolution
		SolutionGuid = {CFBE3B51-1449-47C2-AF45-BFFB587A07C9}
	EndGlobalSection
EndGlobal
